
Microsoft Visual Studio Solution File, Format Version 12.00
Project("{FAE04EC0-301F-11D3-BF4B-00C04F79EFBC}") = "TimPurdum.Dev", "TimPurdum.Dev\TimPurdum.Dev.csproj", "{D4CAB0F4-E206-4FCD-B679-658B1202ACBE}"
EndProject
Project("{FAE04EC0-301F-11D3-BF4B-00C04F79EFBC}") = "TimPurdum.Dev.BlogGenerator.Compiler", "BlogGenerator\TimPurdum.Dev.BlogGenerator.Compiler\TimPurdum.Dev.BlogGenerator.Compiler.csproj", "{D75CDEC3-F952-470D-BB71-79CAAEC18674}"
EndProject
Project("{FAE04EC0-301F-11D3-BF4B-00C04F79EFBC}") = "Markdig", "BlogGenerator\markdig\src\Markdig\Markdig.csproj", "{48AB49BA-C1C0-4D0D-93E4-D388BFB391AD}"
EndProject
Project("{FAE04EC0-301F-11D3-BF4B-00C04F79EFBC}") = "TimPurdum.Dev.BlogGenerator", "BlogGenerator\TimPurdum.Dev.BlogGenerator\TimPurdum.Dev.BlogGenerator.csproj", "{4B806BD2-2A0A-457A-8716-286DDBBCAE42}"
EndProject
Project("{FAE04EC0-301F-11D3-BF4B-00C04F79EFBC}") = "TimPurdum.Dev.BlogGenerator.Shared", "BlogGenerator\TimPurdum.Dev.BlogGenerator.Shared\TimPurdum.Dev.BlogGenerator.Shared.csproj", "{DEE6E057-C544-47AA-9CB9-00E09C77886E}"
EndProject
Project("{FAE04EC0-301F-11D3-BF4B-00C04F79EFBC}") = "TimPurdum.Dev.Source", "TimPurdum.Dev.Source\TimPurdum.Dev.Source.csproj", "{C4602A81-39C4-4540-8DC0-FD4657C3FF01}"
EndProject
Global
	GlobalSection(SolutionConfigurationPlatforms) = preSolution
		Debug|Any CPU = Debug|Any CPU
		Release|Any CPU = Release|Any CPU
	EndGlobalSection
	GlobalSection(ProjectConfigurationPlatforms) = postSolution
		{D4CAB0F4-E206-4FCD-B679-658B1202ACBE}.Debug|Any CPU.ActiveCfg = Debug|Any CPU
		{D4CAB0F4-E206-4FCD-B679-658B1202ACBE}.Debug|Any CPU.Build.0 = Debug|Any CPU
		{D4CAB0F4-E206-4FCD-B679-658B1202ACBE}.Release|Any CPU.ActiveCfg = Release|Any CPU
		{D4CAB0F4-E206-4FCD-B679-658B1202ACBE}.Release|Any CPU.Build.0 = Release|Any CPU
		{D75CDEC3-F952-470D-BB71-79CAAEC18674}.Debug|Any CPU.ActiveCfg = Debug|Any CPU
		{D75CDEC3-F952-470D-BB71-79CAAEC18674}.Debug|Any CPU.Build.0 = Debug|Any CPU
		{D75CDEC3-F952-470D-BB71-79CAAEC18674}.Release|Any CPU.ActiveCfg = Release|Any CPU
		{D75CDEC3-F952-470D-BB71-79CAAEC18674}.Release|Any CPU.Build.0 = Release|Any CPU
		{48AB49BA-C1C0-4D0D-93E4-D388BFB391AD}.Debug|Any CPU.ActiveCfg = Debug|Any CPU
		{48AB49BA-C1C0-4D0D-93E4-D388BFB391AD}.Debug|Any CPU.Build.0 = Debug|Any CPU
		{48AB49BA-C1C0-4D0D-93E4-D388BFB391AD}.Release|Any CPU.ActiveCfg = Release|Any CPU
		{48AB49BA-C1C0-4D0D-93E4-D388BFB391AD}.Release|Any CPU.Build.0 = Release|Any CPU
		{4B806BD2-2A0A-457A-8716-286DDBBCAE42}.Debug|Any CPU.ActiveCfg = Debug|Any CPU
		{4B806BD2-2A0A-457A-8716-286DDBBCAE42}.Debug|Any CPU.Build.0 = Debug|Any CPU
		{4B806BD2-2A0A-457A-8716-286DDBBCAE42}.Release|Any CPU.ActiveCfg = Release|Any CPU
		{4B806BD2-2A0A-457A-8716-286DDBBCAE42}.Release|Any CPU.Build.0 = Release|Any CPU
		{DEE6E057-C544-47AA-9CB9-00E09C77886E}.Debug|Any CPU.ActiveCfg = Debug|Any CPU
		{DEE6E057-C544-47AA-9CB9-00E09C77886E}.Debug|Any CPU.Build.0 = Debug|Any CPU
		{DEE6E057-C544-47AA-9CB9-00E09C77886E}.Release|Any CPU.ActiveCfg = Release|Any CPU
		{DEE6E057-C544-47AA-9CB9-00E09C77886E}.Release|Any CPU.Build.0 = Release|Any CPU
		{C4602A81-39C4-4540-8DC0-FD4657C3FF01}.Debug|Any CPU.ActiveCfg = Debug|Any CPU
		{C4602A81-39C4-4540-8DC0-FD4657C3FF01}.Debug|Any CPU.Build.0 = Debug|Any CPU
		{C4602A81-39C4-4540-8DC0-FD4657C3FF01}.Release|Any CPU.ActiveCfg = Release|Any CPU
		{C4602A81-39C4-4540-8DC0-FD4657C3FF01}.Release|Any CPU.Build.0 = Release|Any CPU
	EndGlobalSection
EndGlobal
